
Microsoft Visual Studio Solution File, Format Version 12.00
# Visual Studio Version 16
VisualStudioVersion = 16.0.32126.315
MinimumVisualStudioVersion = 10.0.40219.1
Project("{FAE04EC0-301F-11D3-BF4B-00C04F79EFBC}") = "SlotMachine", "SlotMachine\SlotMachine.csproj", "{5A0CCE7E-F285-4B8F-8745-83C6711F282A}"
EndProject
Global
	GlobalSection(SolutionConfigurationPlatforms) = preSolution
		Debug|Any CPU = Debug|Any CPU
		Release|Any CPU = Release|Any CPU
	EndGlobalSection
	GlobalSection(ProjectConfigurationPlatforms) = postSolution
		{5A0CCE7E-F285-4B8F-8745-83C6711F282A}.Debug|Any CPU.ActiveCfg = Debug|Any CPU
		{5A0CCE7E-F285-4B8F-8745-83C6711F282A}.Debug|Any CPU.Build.0 = Debug|Any CPU
		{5A0CCE7E-F285-4B8F-8745-83C6711F282A}.Release|Any CPU.ActiveCfg = Release|Any CPU
		{5A0CCE7E-F285-4B8F-8745-83C6711F282A}.Release|Any CPU.Build.0 = Release|Any CPU
	EndGlobalSection
	GlobalSection(SolutionProperties) = preSolution
		HideSolutionNode = FALSE
	EndGlobalSection
	GlobalSection(ExtensibilityGlobals) = postSolution
		SolutionGuid = {80020A03-F69E-4EF7-A23A-E56D99D3EE83}
	EndGlobalSection
EndGlobal
